Microsoft Visual Studio Solution File, Format Version 12.00
# Visual Studio Version 17
VisualStudioVersion = 17.5.2.0
MinimumVisualStudioVersion = 10.0.40219.1
Project("{FAE04EC0-301F-11D3-BF4B-00C04F79EFBC}") = "TryMCP", "c:\Users\saurabh.davda\mcp\TryMCP\TryMCP.csproj", "{CC189149-C343-54B1-1D56-D85AFDE88003}"
EndProject
Global
	GlobalSection(SolutionConfigurationPlatforms) = preSolution
		Debug|Any CPU = Debug|Any CPU
		Release|Any CPU = Release|Any CPU
	EndGlobalSection
	GlobalSection(ProjectConfigurationPlatforms) = postSolution
		{CC189149-C343-54B1-1D56-D85AFDE88003}.Debug|Any CPU.ActiveCfg = Debug|Any CPU
		{CC189149-C343-54B1-1D56-D85AFDE88003}.Debug|Any CPU.Build.0 = Debug|Any CPU
		{CC189149-C343-54B1-1D56-D85AFDE88003}.Release|Any CPU.ActiveCfg = Release|Any CPU
		{CC189149-C343-54B1-1D56-D85AFDE88003}.Release|Any CPU.Build.0 = Release|Any CPU
	EndGlobalSection
	GlobalSection(SolutionProperties) = preSolution
		HideSolutionNode = FALSE
	EndGlobalSection
	GlobalSection(ExtensibilityGlobals) = postSolution
		SolutionGuid = {9EF2DC59-1341-414C-9F11-2BBA09B4AB3B}
	EndGlobalSection
EndGlobal
